
Microsoft Visual Studio Solution File, Format Version 12.00
# Visual Studio Version 17
VisualStudioVersion = 17.13.35825.156
MinimumVisualStudioVersion = 10.0.40219.1
Project("{FAE04EC0-301F-11D3-BF4B-00C04F79EFBC}") = "Part1-Threads", "Part1-Threads\Part1-Threads.csproj", "{B27C5341-30D2-4581-A56B-6B881597CA81}"
EndProject
Project("{FAE04EC0-301F-11D3-BF4B-00C04F79EFBC}") = "Part2-Tasks", "Part2-Tasks\Part2-Tasks.csproj", "{72E26B89-7F04-4E6D-80D7-58EB0F118A4E}"
EndProject
Global
	GlobalSection(SolutionConfigurationPlatforms) = preSolution
		Debug|Any CPU = Debug|Any CPU
		Release|Any CPU = Release|Any CPU
	EndGlobalSection
	GlobalSection(ProjectConfigurationPlatforms) = postSolution
		{B27C5341-30D2-4581-A56B-6B881597CA81}.Debug|Any CPU.ActiveCfg = Debug|Any CPU
		{B27C5341-30D2-4581-A56B-6B881597CA81}.Debug|Any CPU.Build.0 = Debug|Any CPU
		{B27C5341-30D2-4581-A56B-6B881597CA81}.Release|Any CPU.ActiveCfg = Release|Any CPU
		{B27C5341-30D2-4581-A56B-6B881597CA81}.Release|Any CPU.Build.0 = Release|Any CPU
		{72E26B89-7F04-4E6D-80D7-58EB0F118A4E}.Debug|Any CPU.ActiveCfg = Debug|Any CPU
		{72E26B89-7F04-4E6D-80D7-58EB0F118A4E}.Debug|Any CPU.Build.0 = Debug|Any CPU
		{72E26B89-7F04-4E6D-80D7-58EB0F118A4E}.Release|Any CPU.ActiveCfg = Release|Any CPU
		{72E26B89-7F04-4E6D-80D7-58EB0F118A4E}.Release|Any CPU.Build.0 = Release|Any CPU
	EndGlobalSection
	GlobalSection(SolutionProperties) = preSolution
		HideSolutionNode = FALSE
	EndGlobalSection
	GlobalSection(ExtensibilityGlobals) = postSolution
		SolutionGuid = {3C5117A5-3A56-448E-AFA4-2AE25B5FA9E6}
	EndGlobalSection
EndGlobal
